
Microsoft Visual Studio Solution File, Format Version 12.00
# Visual Studio 15
VisualStudioVersion = 15.0.28307.168
MinimumVisualStudioVersion = 10.0.40219.1
Project("{FAE04EC0-301F-11D3-BF4B-00C04F79EFBC}") = "DotNetSpreadsheetGen", "DotNetSpreadsheetGen\DotNetSpreadsheetGen.csproj", "{B3141148-8241-4350-A544-C63D7C4F5028}"
EndProject
Global
	GlobalSection(SolutionConfigurationPlatforms) = preSolution
		Debug|Any CPU = Debug|Any CPU
		Release|Any CPU = Release|Any CPU
	EndGlobalSection
	GlobalSection(ProjectConfigurationPlatforms) = postSolution
		{B3141148-8241-4350-A544-C63D7C4F5028}.Debug|Any CPU.ActiveCfg = Debug|Any CPU
		{B3141148-8241-4350-A544-C63D7C4F5028}.Debug|Any CPU.Build.0 = Debug|Any CPU
		{B3141148-8241-4350-A544-C63D7C4F5028}.Release|Any CPU.ActiveCfg = Release|Any CPU
		{B3141148-8241-4350-A544-C63D7C4F5028}.Release|Any CPU.Build.0 = Release|Any CPU
	EndGlobalSection
	GlobalSection(SolutionProperties) = preSolution
		HideSolutionNode = FALSE
	EndGlobalSection
	GlobalSection(ExtensibilityGlobals) = postSolution
		SolutionGuid = {C2CA7502-E71B-4D91-B4D8-1E5E20D08F91}
	EndGlobalSection
EndGlobal
